
Microsoft Visual Studio Solution File, Format Version 12.00
# Visual Studio Version 16
VisualStudioVersion = 16.0.31019.194
MinimumVisualStudioVersion = 10.0.40219.1
Project("{FAE04EC0-301F-11D3-BF4B-00C04F79EFBC}") = "WebApiSimplesCSharp", "WebApiSimplesCSharp\WebApiSimplesCSharp.csproj", "{D65591AF-2DB3-40DA-92B4-4D58707AFE9D}"
EndProject
Global
	GlobalSection(SolutionConfigurationPlatforms) = preSolution
		Debug|Any CPU = Debug|Any CPU
		Release|Any CPU = Release|Any CPU
	EndGlobalSection
	GlobalSection(ProjectConfigurationPlatforms) = postSolution
		{D65591AF-2DB3-40DA-92B4-4D58707AFE9D}.Debug|Any CPU.ActiveCfg = Debug|Any CPU
		{D65591AF-2DB3-40DA-92B4-4D58707AFE9D}.Debug|Any CPU.Build.0 = Debug|Any CPU
		{D65591AF-2DB3-40DA-92B4-4D58707AFE9D}.Release|Any CPU.ActiveCfg = Release|Any CPU
		{D65591AF-2DB3-40DA-92B4-4D58707AFE9D}.Release|Any CPU.Build.0 = Release|Any CPU
	EndGlobalSection
	GlobalSection(SolutionProperties) = preSolution
		HideSolutionNode = FALSE
	EndGlobalSection
	GlobalSection(ExtensibilityGlobals) = postSolution
		SolutionGuid = {3A187D64-D32E-4256-99D1-E2BDE05172F5}
	EndGlobalSection
EndGlobal
